
Microsoft Visual Studio Solution File, Format Version 12.00
# Visual Studio Version 17
VisualStudioVersion = 17.13.35825.156 d17.13
MinimumVisualStudioVersion = 10.0.40219.1
Project("{FAE04EC0-301F-11D3-BF4B-00C04F79EFBC}") = "KafkaProducerDemo", "KafkaProducerDemo.csproj", "{7717AA92-C218-4AC7-B461-A6F3BE6A1ADA}"
EndProject
Project("{FAE04EC0-301F-11D3-BF4B-00C04F79EFBC}") = "KafkaConsumerDemo", "..\KafkaConsumerDemo\KafkaConsumerDemo.csproj", "{6CB6BBF0-D0CB-4551-8499-53536BB74463}"
EndProject
Project("{FAE04EC0-301F-11D3-BF4B-00C04F79EFBC}") = "KafkaStreamDemo", "..\KafkaStreamDemo\KafkaStreamDemo.csproj", "{1D77748C-7066-4479-89C7-3B1108059F61}"
EndProject
Project("{FAE04EC0-301F-11D3-BF4B-00C04F79EFBC}") = "KafkaStreamproducer", "..\KafkaStreamproducer\KafkaStreamproducer.csproj", "{F8DC1C57-4009-457D-A659-F9E7B9E3B59E}"
EndProject
Project("{FAE04EC0-301F-11D3-BF4B-00C04F79EFBC}") = "KafkaStreamConsumer", "..\KafkaStreamConsumer\KafkaStreamConsumer.csproj", "{365C1F28-730D-455F-A463-898CCF4A8C53}"
EndProject
Global
	GlobalSection(SolutionConfigurationPlatforms) = preSolution
		Debug|Any CPU = Debug|Any CPU
		Release|Any CPU = Release|Any CPU
	EndGlobalSection
	GlobalSection(ProjectConfigurationPlatforms) = postSolution
		{7717AA92-C218-4AC7-B461-A6F3BE6A1ADA}.Debug|Any CPU.ActiveCfg = Debug|Any CPU
		{7717AA92-C218-4AC7-B461-A6F3BE6A1ADA}.Debug|Any CPU.Build.0 = Debug|Any CPU
		{7717AA92-C218-4AC7-B461-A6F3BE6A1ADA}.Release|Any CPU.ActiveCfg = Release|Any CPU
		{7717AA92-C218-4AC7-B461-A6F3BE6A1ADA}.Release|Any CPU.Build.0 = Release|Any CPU
		{6CB6BBF0-D0CB-4551-8499-53536BB74463}.Debug|Any CPU.ActiveCfg = Debug|Any CPU
		{6CB6BBF0-D0CB-4551-8499-53536BB74463}.Debug|Any CPU.Build.0 = Debug|Any CPU
		{6CB6BBF0-D0CB-4551-8499-53536BB74463}.Release|Any CPU.ActiveCfg = Release|Any CPU
		{6CB6BBF0-D0CB-4551-8499-53536BB74463}.Release|Any CPU.Build.0 = Release|Any CPU
		{1D77748C-7066-4479-89C7-3B1108059F61}.Debug|Any CPU.ActiveCfg = Debug|Any CPU
		{1D77748C-7066-4479-89C7-3B1108059F61}.Debug|Any CPU.Build.0 = Debug|Any CPU
		{1D77748C-7066-4479-89C7-3B1108059F61}.Release|Any CPU.ActiveCfg = Release|Any CPU
		{1D77748C-7066-4479-89C7-3B1108059F61}.Release|Any CPU.Build.0 = Release|Any CPU
		{F8DC1C57-4009-457D-A659-F9E7B9E3B59E}.Debug|Any CPU.ActiveCfg = Debug|Any CPU
		{F8DC1C57-4009-457D-A659-F9E7B9E3B59E}.Debug|Any CPU.Build.0 = Debug|Any CPU
		{F8DC1C57-4009-457D-A659-F9E7B9E3B59E}.Release|Any CPU.ActiveCfg = Release|Any CPU
		{F8DC1C57-4009-457D-A659-F9E7B9E3B59E}.Release|Any CPU.Build.0 = Release|Any CPU
		{365C1F28-730D-455F-A463-898CCF4A8C53}.Debug|Any CPU.ActiveCfg = Debug|Any CPU
		{365C1F28-730D-455F-A463-898CCF4A8C53}.Debug|Any CPU.Build.0 = Debug|Any CPU
		{365C1F28-730D-455F-A463-898CCF4A8C53}.Release|Any CPU.ActiveCfg = Release|Any CPU
		{365C1F28-730D-455F-A463-898CCF4A8C53}.Release|Any CPU.Build.0 = Release|Any CPU
	EndGlobalSection
	GlobalSection(SolutionProperties) = preSolution
		HideSolutionNode = FALSE
	EndGlobalSection
	GlobalSection(ExtensibilityGlobals) = postSolution
		SolutionGuid = {DA0D5AEA-CA55-43F3-A808-A7F131CA792A}
	EndGlobalSection
EndGlobal
